<?xml version="1.0" encoding="utf-8"?>
<Project ToolsVersion="4.0" xmlns="http://schemas.microsoft.com/developer/msbuild/2003">
  <ItemGroup>
    <ClInclude Include="win.h">
      <Filter>platform</Filter>
    </ClInclude>
    <ClInclude Include="base.h">
      <Filter>database</Filter>
    </ClInclude>
    <ClInclude Include="point.h">
      <Filter>support</Filter>
    </ClInclude>
    <ClInclude Include="pointc.h">
      <Filter>support</Filter>
    </ClInclude>
    <ClInclude Include="rect.h">
      <Filter>support</Filter>
    </ClInclude>
    <ClInclude Include="command.h">
      <Filter>support</Filter>
    </ClInclude>
    <ClInclude Include="array.h">
      <Filter>database</Filter>
    </ClInclude>
    <ClInclude Include="drawable.h">
      <Filter>draw\core</Filter>
    </ClInclude>
    <ClInclude Include="crt.h">
      <Filter>support</Filter>
    </ClInclude>
    <ClInclude Include="io.h">
      <Filter>support</Filter>
    </ClInclude>
    <ClInclude Include="main.h">
      <Filter>logic</Filter>
    </ClInclude>
    <ClInclude Include="input.h">
      <Filter>draw\core</Filter>
    </ClInclude>
  </ItemGroup>
  <ItemGroup>
    <ClCompile Include="win.cpp">
      <Filter>platform</Filter>
    </ClCompile>
    <ClCompile Include="win_io.cpp">
      <Filter>platform</Filter>
    </ClCompile>
    <ClCompile Include="castle.cpp">
      <Filter>logic</Filter>
    </ClCompile>
    <ClCompile Include="combat.cpp">
      <Filter>logic</Filter>
    </ClCompile>
    <ClCompile Include="combat_effect.cpp">
      <Filter>logic</Filter>
    </ClCompile>
    <ClCompile Include="combat_route.cpp">
      <Filter>logic</Filter>
    </ClCompile>
    <ClCompile Include="combat_spells.cpp">
      <Filter>logic</Filter>
    </ClCompile>
    <ClCompile Include="combat_unit.cpp">
      <Filter>logic</Filter>
    </ClCompile>
    <ClCompile Include="base.cpp">
      <Filter>database</Filter>
    </ClCompile>
    <ClCompile Include="point.cpp">
      <Filter>support</Filter>
    </ClCompile>
    <ClCompile Include="command.cpp">
      <Filter>support</Filter>
    </ClCompile>
    <ClCompile Include="artifacts.cpp">
      <Filter>logic</Filter>
    </ClCompile>
    <ClCompile Include="buildings.cpp">
      <Filter>logic</Filter>
    </ClCompile>
    <ClCompile Include="event.cpp">
      <Filter>logic</Filter>
    </ClCompile>
    <ClCompile Include="game.cpp">
      <Filter>logic</Filter>
    </ClCompile>
    <ClCompile Include="game_file.cpp">
      <Filter>logic</Filter>
    </ClCompile>
    <ClCompile Include="game_interact.cpp">
      <Filter>logic</Filter>
    </ClCompile>
    <ClCompile Include="game_random.cpp">
      <Filter>logic</Filter>
    </ClCompile>
    <ClCompile Include="game_statistic.cpp">
      <Filter>logic</Filter>
    </ClCompile>
    <ClCompile Include="draw.cpp">
      <Filter>draw\core</Filter>
    </ClCompile>
    <ClCompile Include="drawable.cpp">
      <Filter>draw\core</Filter>
    </ClCompile>
    <ClCompile Include="draw_screenshot.cpp">
      <Filter>draw\core</Filter>
    </ClCompile>
    <ClCompile Include="draw_controls.cpp">
      <Filter>draw\core</Filter>
    </ClCompile>
    <ClCompile Include="animation.cpp">
      <Filter>draw\core</Filter>
    </ClCompile>
    <ClCompile Include="show_battle.cpp">
      <Filter>draw\dialogs</Filter>
    </ClCompile>
    <ClCompile Include="show_battle_dialog.cpp">
      <Filter>draw\dialogs</Filter>
    </ClCompile>
    <ClCompile Include="show_battle_setting.cpp">
      <Filter>draw\dialogs</Filter>
    </ClCompile>
    <ClCompile Include="show_castle.cpp">
      <Filter>draw\dialogs</Filter>
    </ClCompile>
    <ClCompile Include="show_castle_build.cpp">
      <Filter>draw\dialogs</Filter>
    </ClCompile>
    <ClCompile Include="show_game.cpp">
      <Filter>draw\dialogs</Filter>
    </ClCompile>
    <ClCompile Include="show_hero.cpp">
      <Filter>draw\dialogs</Filter>
    </ClCompile>
    <ClCompile Include="show_hightscore.cpp">
      <Filter>draw\dialogs</Filter>
    </ClCompile>
    <ClCompile Include="show_mageguild.cpp">
      <Filter>draw\dialogs</Filter>
    </ClCompile>
    <ClCompile Include="show_marketplace.cpp">
      <Filter>draw\dialogs</Filter>
    </ClCompile>
    <ClCompile Include="show_spellbook.cpp">
      <Filter>draw\dialogs</Filter>
    </ClCompile>
    <ClCompile Include="show_tavern.cpp">
      <Filter>draw\dialogs</Filter>
    </ClCompile>
    <ClCompile Include="show_thieves.cpp">
      <Filter>draw\dialogs</Filter>
    </ClCompile>
    <ClCompile Include="show_unit.cpp">
      <Filter>draw\dialogs</Filter>
    </ClCompile>
    <ClCompile Include="show_well.cpp">
      <Filter>draw\dialogs</Filter>
    </ClCompile>
    <ClCompile Include="crt.cpp">
      <Filter>support</Filter>
    </ClCompile>
    <ClCompile Include="indexes.cpp">
      <Filter>logic</Filter>
    </ClCompile>
    <ClCompile Include="hero.cpp">
      <Filter>logic</Filter>
    </ClCompile>
    <ClCompile Include="io.cpp">
      <Filter>support</Filter>
    </ClCompile>
    <ClCompile Include="main.cpp">
      <Filter>logic</Filter>
    </ClCompile>
    <ClCompile Include="map.cpp">
      <Filter>logic</Filter>
    </ClCompile>
    <ClCompile Include="map_objects.cpp">
      <Filter>logic</Filter>
    </ClCompile>
    <ClCompile Include="map_route.cpp">
      <Filter>logic</Filter>
    </ClCompile>
    <ClCompile Include="mp2.cpp">
      <Filter>logic</Filter>
    </ClCompile>
    <ClCompile Include="monster.cpp">
      <Filter>logic</Filter>
    </ClCompile>
    <ClCompile Include="player.cpp">
      <Filter>logic</Filter>
    </ClCompile>
    <ClCompile Include="spells.cpp">
      <Filter>logic</Filter>
    </ClCompile>
    <ClCompile Include="tokens.cpp">
      <Filter>logic</Filter>
    </ClCompile>
    <ClCompile Include="print.cpp">
      <Filter>support</Filter>
    </ClCompile>
    <ClCompile Include="sign.cpp">
      <Filter>logic</Filter>
    </ClCompile>
    <ClCompile Include="text.cpp">
      <Filter>draw\core</Filter>
    </ClCompile>
    <ClCompile Include="pallette.cpp">
      <Filter>draw\core</Filter>
    </ClCompile>
    <ClCompile Include="resource.cpp">
      <Filter>draw\core</Filter>
    </ClCompile>
    <ClCompile Include="list.cpp">
      <Filter>draw\core</Filter>
    </ClCompile>
    <ClCompile Include="base_meta.cpp">
      <Filter>database</Filter>
    </ClCompile>
  </ItemGroup>
  <ItemGroup>
    <Filter Include="platform">
      <UniqueIdentifier>{7dea5343-3a96-4315-a9de-aa01db7f23d2}</UniqueIdentifier>
    </Filter>
    <Filter Include="draw">
      <UniqueIdentifier>{97196eb4-3a2a-4bf4-b796-f8169c919a3f}</UniqueIdentifier>
    </Filter>
    <Filter Include="logic">
      <UniqueIdentifier>{4a6f3321-85c7-4419-832c-cac37abc0b38}</UniqueIdentifier>
    </Filter>
    <Filter Include="support">
      <UniqueIdentifier>{891e7173-7fbf-4d20-aa66-f3ac9acaee66}</UniqueIdentifier>
    </Filter>
    <Filter Include="database">
      <UniqueIdentifier>{114cbbc3-a065-433c-90ed-25323da3eaec}</UniqueIdentifier>
    </Filter>
    <Filter Include="draw\core">
      <UniqueIdentifier>{91c89353-7fd7-438a-a29c-0e0f733c68d4}</UniqueIdentifier>
    </Filter>
    <Filter Include="draw\dialogs">
      <UniqueIdentifier>{00322ad1-0271-4f9f-861d-d4b71e34528b}</UniqueIdentifier>
    </Filter>
  </ItemGroup>
</Project>